
Microsoft Visual Studio Solution File, Format Version 12.00
# Visual Studio Version 17
VisualStudioVersion = 17.7.34024.191
MinimumVisualStudioVersion = 10.0.40219.1
Project("{FAE04EC0-301F-11D3-BF4B-00C04F79EFBC}") = "Names", "Names.csproj", "{71DBF453-FDB9-468C-AB91-3E8904CDD79E}"
EndProject
Global
	GlobalSection(SolutionConfigurationPlatforms) = preSolution
		Debug|Any CPU = Debug|Any CPU
		Release|Any CPU = Release|Any CPU
	EndGlobalSection
	GlobalSection(ProjectConfigurationPlatforms) = postSolution
		{71DBF453-FDB9-468C-AB91-3E8904CDD79E}.Debug|Any CPU.ActiveCfg = Debug|Any CPU
		{71DBF453-FDB9-468C-AB91-3E8904CDD79E}.Debug|Any CPU.Build.0 = Debug|Any CPU
		{71DBF453-FDB9-468C-AB91-3E8904CDD79E}.Release|Any CPU.ActiveCfg = Release|Any CPU
		{71DBF453-FDB9-468C-AB91-3E8904CDD79E}.Release|Any CPU.Build.0 = Release|Any CPU
	EndGlobalSection
	GlobalSection(SolutionProperties) = preSolution
		HideSolutionNode = FALSE
	EndGlobalSection
	GlobalSection(ExtensibilityGlobals) = postSolution
		SolutionGuid = {C64FF4F7-6B13-4050-A5AA-1C86E4908F02}
	EndGlobalSection
EndGlobal
